
Microsoft Visual Studio Solution File, Format Version 12.00
# Visual Studio 14
VisualStudioVersion = 14.0.25123.0
MinimumVisualStudioVersion = 10.0.40219.1
Project("{FAE04EC0-301F-11D3-BF4B-00C04F79EFBC}") = "CarsFactory.Models", "CarsFactory.Models\CarsFactory.Models.csproj", "{B5E2B4AB-D64F-49F8-BAFC-9FA9B7B76547}"
EndProject
Project("{FAE04EC0-301F-11D3-BF4B-00C04F79EFBC}") = "CarsFactory.Data", "CarsFactory.Data\CarsFactory.Data.csproj", "{C0F00AE7-7E71-4ECA-A1ED-0861137B16CA}"
EndProject
Project("{FAE04EC0-301F-11D3-BF4B-00C04F79EFBC}") = "CarsFactory.Client", "CarsFactory.Client\CarsFactory.Client.csproj", "{228FEE02-714A-43A2-B6B0-1075C305BB2C}"
EndProject
Global
	GlobalSection(SolutionConfigurationPlatforms) = preSolution
		Debug|Any CPU = Debug|Any CPU
		Release|Any CPU = Release|Any CPU
	EndGlobalSection
	GlobalSection(ProjectConfigurationPlatforms) = postSolution
		{B5E2B4AB-D64F-49F8-BAFC-9FA9B7B76547}.Debug|Any CPU.ActiveCfg = Debug|Any CPU
		{B5E2B4AB-D64F-49F8-BAFC-9FA9B7B76547}.Debug|Any CPU.Build.0 = Debug|Any CPU
		{B5E2B4AB-D64F-49F8-BAFC-9FA9B7B76547}.Release|Any CPU.ActiveCfg = Release|Any CPU
		{B5E2B4AB-D64F-49F8-BAFC-9FA9B7B76547}.Release|Any CPU.Build.0 = Release|Any CPU
		{C0F00AE7-7E71-4ECA-A1ED-0861137B16CA}.Debug|Any CPU.ActiveCfg = Debug|Any CPU
		{C0F00AE7-7E71-4ECA-A1ED-0861137B16CA}.Debug|Any CPU.Build.0 = Debug|Any CPU
		{C0F00AE7-7E71-4ECA-A1ED-0861137B16CA}.Release|Any CPU.ActiveCfg = Release|Any CPU
		{C0F00AE7-7E71-4ECA-A1ED-0861137B16CA}.Release|Any CPU.Build.0 = Release|Any CPU
		{228FEE02-714A-43A2-B6B0-1075C305BB2C}.Debug|Any CPU.ActiveCfg = Debug|Any CPU
		{228FEE02-714A-43A2-B6B0-1075C305BB2C}.Debug|Any CPU.Build.0 = Debug|Any CPU
		{228FEE02-714A-43A2-B6B0-1075C305BB2C}.Release|Any CPU.ActiveCfg = Release|Any CPU
		{228FEE02-714A-43A2-B6B0-1075C305BB2C}.Release|Any CPU.Build.0 = Release|Any CPU
	EndGlobalSection
	GlobalSection(SolutionProperties) = preSolution
		HideSolutionNode = FALSE
	EndGlobalSection
EndGlobal
